{
  "lockfile-version": 1,
  "manifest": {
    "version": 1,
    "install": {
      "go": {
        "pkg-path": "go",
        "version": "^1.22.1"
      }
    },
    "hook": {
      "on-activate": "  # Autogenerated by Flox\n\n  # Point GOENV to Flox environment cache\n  export GOENV=\"$FLOX_ENV_CACHE/goenv\"\n\n  # Install Go dependencies\n  go get .\n\n  # End autogenerated by Flox\n"
    },
    "profile": {},
    "options": {}
  },
  "packages": [
    {
      "attr_path": "go",
      "broken": false,
      "derivation": "/nix/store/s3y2xgs6d01qvf0yhgw455ghiylmn8jy-go-1.25.0.drv",
      "description": "Go Programming language",
      "install_id": "go",
      "license": "BSD-3-Clause",
      "locked_url": "https://github.com/flox/nixpkgs?rev=e643668fd71b949c53f8626614b21ff71a07379d",
      "name": "go-1.25.0",
      "pname": "go",
      "rev": "e643668fd71b949c53f8626614b21ff71a07379d",
      "rev_count": 866707,
      "rev_date": "2025-09-24T05:06:22Z",
      "scrape_date": "2025-09-26T03:42:35.784523Z",
      "stabilities": [
        "staging",
        "unstable"
      ],
      "unfree": false,
      "version": "1.25.0",
      "outputs_to_install": [
        "out"
      ],
      "outputs": {
        "out": "/nix/store/cr196bvbbai01r0w11p1inkzkdrqdx6y-go-1.25.0"
      },
      "system": "aarch64-darwin",
      "group": "toplevel",
      "priority": 5
    },
    {
      "attr_path": "go",
      "broken": false,
      "derivation": "/nix/store/i027if1wkdbbk9vmkjf4281iqfdjzwp0-go-1.25.0.drv",
      "description": "Go Programming language",
      "install_id": "go",
      "license": "BSD-3-Clause",
      "locked_url": "https://github.com/flox/nixpkgs?rev=e643668fd71b949c53f8626614b21ff71a07379d",
      "name": "go-1.25.0",
      "pname": "go",
      "rev": "e643668fd71b949c53f8626614b21ff71a07379d",
      "rev_count": 866707,
      "rev_date": "2025-09-24T05:06:22Z",
      "scrape_date": "2025-09-26T04:11:34.543494Z",
      "stabilities": [
        "staging",
        "unstable"
      ],
      "unfree": false,
      "version": "1.25.0",
      "outputs_to_install": [
        "out"
      ],
      "outputs": {
        "out": "/nix/store/yhcdwwikp86p2cpq0qr7di91ji63460s-go-1.25.0"
      },
      "system": "aarch64-linux",
      "group": "toplevel",
      "priority": 5
    },
    {
      "attr_path": "go",
      "broken": false,
      "derivation": "/nix/store/n9i0d6pa57wr8f8yl6dymwr5wr9ndfbb-go-1.25.0.drv",
      "description": "Go Programming language",
      "install_id": "go",
      "license": "BSD-3-Clause",
      "locked_url": "https://github.com/flox/nixpkgs?rev=e643668fd71b949c53f8626614b21ff71a07379d",
      "name": "go-1.25.0",
      "pname": "go",
      "rev": "e643668fd71b949c53f8626614b21ff71a07379d",
      "rev_count": 866707,
      "rev_date": "2025-09-24T05:06:22Z",
      "scrape_date": "2025-09-26T04:39:33.116443Z",
      "stabilities": [
        "staging",
        "unstable"
      ],
      "unfree": false,
      "version": "1.25.0",
      "outputs_to_install": [
        "out"
      ],
      "outputs": {
        "out": "/nix/store/hz7dfw13v8iff4vf6vbnqnlnd7wh7j5x-go-1.25.0"
      },
      "system": "x86_64-darwin",
      "group": "toplevel",
      "priority": 5
    },
    {
      "attr_path": "go",
      "broken": false,
      "derivation": "/nix/store/pxn4bbdbwd25r02kvp7a1jp3fjykrb65-go-1.25.0.drv",
      "description": "Go Programming language",
      "install_id": "go",
      "license": "BSD-3-Clause",
      "locked_url": "https://github.com/flox/nixpkgs?rev=e643668fd71b949c53f8626614b21ff71a07379d",
      "name": "go-1.25.0",
      "pname": "go",
      "rev": "e643668fd71b949c53f8626614b21ff71a07379d",
      "rev_count": 866707,
      "rev_date": "2025-09-24T05:06:22Z",
      "scrape_date": "2025-09-26T05:10:36.909969Z",
      "stabilities": [
        "staging",
        "unstable"
      ],
      "unfree": false,
      "version": "1.25.0",
      "outputs_to_install": [
        "out"
      ],
      "outputs": {
        "out": "/nix/store/3fd683jfggglpshxprz9mi5sz8wd3c9p-go-1.25.0"
      },
      "system": "x86_64-linux",
      "group": "toplevel",
      "priority": 5
    }
  ]
}